
Microsoft Visual Studio Solution File, Format Version 12.00
# Visual Studio 15
VisualStudioVersion = 15.0.28010.2046
MinimumVisualStudioVersion = 10.0.40219.1
Project("{FAE04EC0-301F-11D3-BF4B-00C04F79EFBC}") = "RiskProbability.Android", "RiskProbability\RiskProbability.Android\RiskProbability.Android.csproj", "{77BAD4D7-CA27-4F36-B246-BA4FA38014C0}"
EndProject
Project("{FAE04EC0-301F-11D3-BF4B-00C04F79EFBC}") = "RiskProbability.iOS", "RiskProbability\RiskProbability.iOS\RiskProbability.iOS.csproj", "{4F5380E3-5DD3-4E93-BB5F-6942E4537A02}"
EndProject
Project("{FAE04EC0-301F-11D3-BF4B-00C04F79EFBC}") = "RiskProbability.UWP", "RiskProbability\RiskProbability.UWP\RiskProbability.UWP.csproj", "{72393353-363B-488D-AE2B-D6446B31B2B7}"
EndProject
Project("{9A19103F-16F7-4668-BE54-9A1E7A4F7556}") = "RiskProbability", "RiskProbability\RiskProbability\RiskProbability.csproj", "{27D87651-81C6-496C-8A57-936EE3745AFD}"
EndProject
Project("{2150E333-8FDC-42A3-9474-1A3956D46DE8}") = "UI", "UI", "{CCE1CC3E-7496-482B-A9DD-D634897BE476}"
EndProject
Project("{2150E333-8FDC-42A3-9474-1A3956D46DE8}") = "Test", "Test", "{E6AC3118-7A5A-4534-A862-2B773E8B41ED}"
EndProject
Project("{2150E333-8FDC-42A3-9474-1A3956D46DE8}") = "Logic", "Logic", "{0D716380-E7D9-420C-98B9-51C60AB0120B}"
EndProject
Project("{9A19103F-16F7-4668-BE54-9A1E7A4F7556}") = "RiskProbability.Domain", "RiskProbability.Domain\RiskProbability.Domain.csproj", "{BE41694C-4675-46DD-AE8A-CE636F9194C2}"
EndProject
Project("{9A19103F-16F7-4668-BE54-9A1E7A4F7556}") = "RiskProbability.Domain.Test", "RiskProbability.Domain.Test\RiskProbability.Domain.Test.csproj", "{89565F92-E3A7-4566-8E67-A50CA01F4903}"
EndProject
Project("{FAE04EC0-301F-11D3-BF4B-00C04F79EFBC}") = "RiskProbability.Application", "RiskProbability.Application\RiskProbability.Application.csproj", "{A32F8DC9-D9AF-452F-9D22-EFB39DAA2D1F}"
EndProject
Project("{FAE04EC0-301F-11D3-BF4B-00C04F79EFBC}") = "RiskProbability.Application.Test", "RiskProbability.Application.Test\RiskProbability.Application.Test.csproj", "{9A5E7F0B-89A7-4083-9BB0-0947D6E31512}"
EndProject
Global
	GlobalSection(SolutionConfigurationPlatforms) = preSolution
		Ad-Hoc|Any CPU = Ad-Hoc|Any CPU
		Ad-Hoc|ARM = Ad-Hoc|ARM
		Ad-Hoc|iPhone = Ad-Hoc|iPhone
		Ad-Hoc|iPhoneSimulator = Ad-Hoc|iPhoneSimulator
		Ad-Hoc|x64 = Ad-Hoc|x64
		Ad-Hoc|x86 = Ad-Hoc|x86
		AppStore|Any CPU = AppStore|Any CPU
		AppStore|ARM = AppStore|ARM
		AppStore|iPhone = AppStore|iPhone
		AppStore|iPhoneSimulator = AppStore|iPhoneSimulator
		AppStore|x64 = AppStore|x64
		AppStore|x86 = AppStore|x86
		Debug|Any CPU = Debug|Any CPU
		Debug|ARM = Debug|ARM
		Debug|iPhone = Debug|iPhone
		Debug|iPhoneSimulator = Debug|iPhoneSimulator
		Debug|x64 = Debug|x64
		Debug|x86 = Debug|x86
		Release|Any CPU = Release|Any CPU
		Release|ARM = Release|ARM
		Release|iPhone = Release|iPhone
		Release|iPhoneSimulator = Release|iPhoneSimulator
		Release|x64 = Release|x64
		Release|x86 = Release|x86
	EndGlobalSection
	GlobalSection(ProjectConfigurationPlatforms) = postSolution
		{77BAD4D7-CA27-4F36-B246-BA4FA38014C0}.Ad-Hoc|Any CPU.ActiveCfg = Release|Any CPU
		{77BAD4D7-CA27-4F36-B246-BA4FA38014C0}.Ad-Hoc|Any CPU.Build.0 = Release|Any CPU
		{77BAD4D7-CA27-4F36-B246-BA4FA38014C0}.Ad-Hoc|Any CPU.Deploy.0 = Release|Any CPU
		{77BAD4D7-CA27-4F36-B246-BA4FA38014C0}.Ad-Hoc|ARM.ActiveCfg = Release|Any CPU
		{77BAD4D7-CA27-4F36-B246-BA4FA38014C0}.Ad-Hoc|ARM.Build.0 = Release|Any CPU
		{77BAD4D7-CA27-4F36-B246-BA4FA38014C0}.Ad-Hoc|ARM.Deploy.0 = Release|Any CPU
		{77BAD4D7-CA27-4F36-B246-BA4FA38014C0}.Ad-Hoc|iPhone.ActiveCfg = Release|Any CPU
		{77BAD4D7-CA27-4F36-B246-BA4FA38014C0}.Ad-Hoc|iPhone.Build.0 = Release|Any CPU
		{77BAD4D7-CA27-4F36-B246-BA4FA38014C0}.Ad-Hoc|iPhone.Deploy.0 = Release|Any CPU
		{77BAD4D7-CA27-4F36-B246-BA4FA38014C0}.Ad-Hoc|iPhoneSimulator.ActiveCfg = Release|Any CPU
		{77BAD4D7-CA27-4F36-B246-BA4FA38014C0}.Ad-Hoc|iPhoneSimulator.Build.0 = Release|Any CPU
		{77BAD4D7-CA27-4F36-B246-BA4FA38014C0}.Ad-Hoc|iPhoneSimulator.Deploy.0 = Release|Any CPU
		{77BAD4D7-CA27-4F36-B246-BA4FA38014C0}.Ad-Hoc|x64.ActiveCfg = Release|Any CPU
		{77BAD4D7-CA27-4F36-B246-BA4FA38014C0}.Ad-Hoc|x64.Build.0 = Release|Any CPU
		{77BAD4D7-CA27-4F36-B246-BA4FA38014C0}.Ad-Hoc|x64.Deploy.0 = Release|Any CPU
		{77BAD4D7-CA27-4F36-B246-BA4FA38014C0}.Ad-Hoc|x86.ActiveCfg = Release|Any CPU
		{77BAD4D7-CA27-4F36-B246-BA4FA38014C0}.Ad-Hoc|x86.Build.0 = Release|Any CPU
		{77BAD4D7-CA27-4F36-B246-BA4FA38014C0}.Ad-Hoc|x86.Deploy.0 = Release|Any CPU
		{77BAD4D7-CA27-4F36-B246-BA4FA38014C0}.AppStore|Any CPU.ActiveCfg = Release|Any CPU
		{77BAD4D7-CA27-4F36-B246-BA4FA38014C0}.AppStore|Any CPU.Build.0 = Release|Any CPU
		{77BAD4D7-CA27-4F36-B246-BA4FA38014C0}.AppStore|Any CPU.Deploy.0 = Release|Any CPU
		{77BAD4D7-CA27-4F36-B246-BA4FA38014C0}.AppStore|ARM.ActiveCfg = Release|Any CPU
		{77BAD4D7-CA27-4F36-B246-BA4FA38014C0}.AppStore|ARM.Build.0 = Release|Any CPU
		{77BAD4D7-CA27-4F36-B246-BA4FA38014C0}.AppStore|ARM.Deploy.0 = Release|Any CPU
		{77BAD4D7-CA27-4F36-B246-BA4FA38014C0}.AppStore|iPhone.ActiveCfg = Release|Any CPU
		{77BAD4D7-CA27-4F36-B246-BA4FA38014C0}.AppStore|iPhone.Build.0 = Release|Any CPU
		{77BAD4D7-CA27-4F36-B246-BA4FA38014C0}.AppStore|iPhone.Deploy.0 = Release|Any CPU
		{77BAD4D7-CA27-4F36-B246-BA4FA38014C0}.AppStore|iPhoneSimulator.ActiveCfg = Release|Any CPU
		{77BAD4D7-CA27-4F36-B246-BA4FA38014C0}.AppStore|iPhoneSimulator.Build.0 = Release|Any CPU
		{77BAD4D7-CA27-4F36-B246-BA4FA38014C0}.AppStore|iPhoneSimulator.Deploy.0 = Release|Any CPU
		{77BAD4D7-CA27-4F36-B246-BA4FA38014C0}.AppStore|x64.ActiveCfg = Release|Any CPU
		{77BAD4D7-CA27-4F36-B246-BA4FA38014C0}.AppStore|x64.Build.0 = Release|Any CPU
		{77BAD4D7-CA27-4F36-B246-BA4FA38014C0}.AppStore|x64.Deploy.0 = Release|Any CPU
		{77BAD4D7-CA27-4F36-B246-BA4FA38014C0}.AppStore|x86.ActiveCfg = Release|Any CPU
		{77BAD4D7-CA27-4F36-B246-BA4FA38014C0}.AppStore|x86.Build.0 = Release|Any CPU
		{77BAD4D7-CA27-4F36-B246-BA4FA38014C0}.AppStore|x86.Deploy.0 = Release|Any CPU
		{77BAD4D7-CA27-4F36-B246-BA4FA38014C0}.Debug|Any CPU.ActiveCfg = Debug|Any CPU
		{77BAD4D7-CA27-4F36-B246-BA4FA38014C0}.Debug|Any CPU.Build.0 = Debug|Any CPU
		{77BAD4D7-CA27-4F36-B246-BA4FA38014C0}.Debug|Any CPU.Deploy.0 = Debug|Any CPU
		{77BAD4D7-CA27-4F36-B246-BA4FA38014C0}.Debug|ARM.ActiveCfg = Debug|Any CPU
		{77BAD4D7-CA27-4F36-B246-BA4FA38014C0}.Debug|ARM.Build.0 = Debug|Any CPU
		{77BAD4D7-CA27-4F36-B246-BA4FA38014C0}.Debug|ARM.Deploy.0 = Debug|Any CPU
		{77BAD4D7-CA27-4F36-B246-BA4FA38014C0}.Debug|iPhone.ActiveCfg = Debug|Any CPU
		{77BAD4D7-CA27-4F36-B246-BA4FA38014C0}.Debug|iPhone.Build.0 = Debug|Any CPU
		{77BAD4D7-CA27-4F36-B246-BA4FA38014C0}.Debug|iPhone.Deploy.0 = Debug|Any CPU
		{77BAD4D7-CA27-4F36-B246-BA4FA38014C0}.Debug|iPhoneSimulator.ActiveCfg = Debug|Any CPU
		{77BAD4D7-CA27-4F36-B246-BA4FA38014C0}.Debug|iPhoneSimulator.Build.0 = Debug|Any CPU
		{77BAD4D7-CA27-4F36-B246-BA4FA38014C0}.Debug|iPhoneSimulator.Deploy.0 = Debug|Any CPU
		{77BAD4D7-CA27-4F36-B246-BA4FA38014C0}.Debug|x64.ActiveCfg = Debug|Any CPU
		{77BAD4D7-CA27-4F36-B246-BA4FA38014C0}.Debug|x64.Build.0 = Debug|Any CPU
		{77BAD4D7-CA27-4F36-B246-BA4FA38014C0}.Debug|x64.Deploy.0 = Debug|Any CPU
		{77BAD4D7-CA27-4F36-B246-BA4FA38014C0}.Debug|x86.ActiveCfg = Debug|Any CPU
		{77BAD4D7-CA27-4F36-B246-BA4FA38014C0}.Debug|x86.Build.0 = Debug|Any CPU
		{77BAD4D7-CA27-4F36-B246-BA4FA38014C0}.Debug|x86.Deploy.0 = Debug|Any CPU
		{77BAD4D7-CA27-4F36-B246-BA4FA38014C0}.Release|Any CPU.ActiveCfg = Release|Any CPU
		{77BAD4D7-CA27-4F36-B246-BA4FA38014C0}.Release|Any CPU.Build.0 = Release|Any CPU
		{77BAD4D7-CA27-4F36-B246-BA4FA38014C0}.Release|Any CPU.Deploy.0 = Release|Any CPU
		{77BAD4D7-CA27-4F36-B246-BA4FA38014C0}.Release|ARM.ActiveCfg = Release|Any CPU
		{77BAD4D7-CA27-4F36-B246-BA4FA38014C0}.Release|ARM.Build.0 = Release|Any CPU
		{77BAD4D7-CA27-4F36-B246-BA4FA38014C0}.Release|ARM.Deploy.0 = Release|Any CPU
		{77BAD4D7-CA27-4F36-B246-BA4FA38014C0}.Release|iPhone.ActiveCfg = Release|Any CPU
		{77BAD4D7-CA27-4F36-B246-BA4FA38014C0}.Release|iPhone.Build.0 = Release|Any CPU
		{77BAD4D7-CA27-4F36-B246-BA4FA38014C0}.Release|iPhone.Deploy.0 = Release|Any CPU
		{77BAD4D7-CA27-4F36-B246-BA4FA38014C0}.Release|iPhoneSimulator.ActiveCfg = Release|Any CPU
		{77BAD4D7-CA27-4F36-B246-BA4FA38014C0}.Release|iPhoneSimulator.Build.0 = Release|Any CPU
		{77BAD4D7-CA27-4F36-B246-BA4FA38014C0}.Release|iPhoneSimulator.Deploy.0 = Release|Any CPU
		{77BAD4D7-CA27-4F36-B246-BA4FA38014C0}.Release|x64.ActiveCfg = Release|Any CPU
		{77BAD4D7-CA27-4F36-B246-BA4FA38014C0}.Release|x64.Build.0 = Release|Any CPU
		{77BAD4D7-CA27-4F36-B246-BA4FA38014C0}.Release|x64.Deploy.0 = Release|Any CPU
		{77BAD4D7-CA27-4F36-B246-BA4FA38014C0}.Release|x86.ActiveCfg = Release|Any CPU
		{77BAD4D7-CA27-4F36-B246-BA4FA38014C0}.Release|x86.Build.0 = Release|Any CPU
		{77BAD4D7-CA27-4F36-B246-BA4FA38014C0}.Release|x86.Deploy.0 = Release|Any CPU
		{4F5380E3-5DD3-4E93-BB5F-6942E4537A02}.Ad-Hoc|Any CPU.ActiveCfg = Ad-Hoc|iPhone
		{4F5380E3-5DD3-4E93-BB5F-6942E4537A02}.Ad-Hoc|Any CPU.Build.0 = Ad-Hoc|iPhone
		{4F5380E3-5DD3-4E93-BB5F-6942E4537A02}.Ad-Hoc|Any CPU.Deploy.0 = Ad-Hoc|iPhone
		{4F5380E3-5DD3-4E93-BB5F-6942E4537A02}.Ad-Hoc|ARM.ActiveCfg = Ad-Hoc|iPhone
		{4F5380E3-5DD3-4E93-BB5F-6942E4537A02}.Ad-Hoc|ARM.Build.0 = Ad-Hoc|iPhone
		{4F5380E3-5DD3-4E93-BB5F-6942E4537A02}.Ad-Hoc|ARM.Deploy.0 = Ad-Hoc|iPhone
		{4F5380E3-5DD3-4E93-BB5F-6942E4537A02}.Ad-Hoc|iPhone.ActiveCfg = Ad-Hoc|iPhone
		{4F5380E3-5DD3-4E93-BB5F-6942E4537A02}.Ad-Hoc|iPhone.Build.0 = Ad-Hoc|iPhone
		{4F5380E3-5DD3-4E93-BB5F-6942E4537A02}.Ad-Hoc|iPhone.Deploy.0 = Ad-Hoc|iPhone
		{4F5380E3-5DD3-4E93-BB5F-6942E4537A02}.Ad-Hoc|iPhoneSimulator.ActiveCfg = Ad-Hoc|iPhoneSimulator
		{4F5380E3-5DD3-4E93-BB5F-6942E4537A02}.Ad-Hoc|iPhoneSimulator.Build.0 = Ad-Hoc|iPhoneSimulator
		{4F5380E3-5DD3-4E93-BB5F-6942E4537A02}.Ad-Hoc|iPhoneSimulator.Deploy.0 = Ad-Hoc|iPhoneSimulator
		{4F5380E3-5DD3-4E93-BB5F-6942E4537A02}.Ad-Hoc|x64.ActiveCfg = Ad-Hoc|iPhone
		{4F5380E3-5DD3-4E93-BB5F-6942E4537A02}.Ad-Hoc|x64.Build.0 = Ad-Hoc|iPhone
		{4F5380E3-5DD3-4E93-BB5F-6942E4537A02}.Ad-Hoc|x64.Deploy.0 = Ad-Hoc|iPhone
		{4F5380E3-5DD3-4E93-BB5F-6942E4537A02}.Ad-Hoc|x86.ActiveCfg = Ad-Hoc|iPhone
		{4F5380E3-5DD3-4E93-BB5F-6942E4537A02}.Ad-Hoc|x86.Build.0 = Ad-Hoc|iPhone
		{4F5380E3-5DD3-4E93-BB5F-6942E4537A02}.Ad-Hoc|x86.Deploy.0 = Ad-Hoc|iPhone
		{4F5380E3-5DD3-4E93-BB5F-6942E4537A02}.AppStore|Any CPU.ActiveCfg = AppStore|iPhone
		{4F5380E3-5DD3-4E93-BB5F-6942E4537A02}.AppStore|Any CPU.Build.0 = AppStore|iPhone
		{4F5380E3-5DD3-4E93-BB5F-6942E4537A02}.AppStore|Any CPU.Deploy.0 = AppStore|iPhone
		{4F5380E3-5DD3-4E93-BB5F-6942E4537A02}.AppStore|ARM.ActiveCfg = AppStore|iPhone
		{4F5380E3-5DD3-4E93-BB5F-6942E4537A02}.AppStore|ARM.Build.0 = AppStore|iPhone
		{4F5380E3-5DD3-4E93-BB5F-6942E4537A02}.AppStore|ARM.Deploy.0 = AppStore|iPhone
		{4F5380E3-5DD3-4E93-BB5F-6942E4537A02}.AppStore|iPhone.ActiveCfg = AppStore|iPhone
		{4F5380E3-5DD3-4E93-BB5F-6942E4537A02}.AppStore|iPhone.Build.0 = AppStore|iPhone
		{4F5380E3-5DD3-4E93-BB5F-6942E4537A02}.AppStore|iPhone.Deploy.0 = AppStore|iPhone
		{4F5380E3-5DD3-4E93-BB5F-6942E4537A02}.AppStore|iPhoneSimulator.ActiveCfg = AppStore|iPhoneSimulator
		{4F5380E3-5DD3-4E93-BB5F-6942E4537A02}.AppStore|iPhoneSimulator.Build.0 = AppStore|iPhoneSimulator
		{4F5380E3-5DD3-4E93-BB5F-6942E4537A02}.AppStore|iPhoneSimulator.Deploy.0 = AppStore|iPhoneSimulator
		{4F5380E3-5DD3-4E93-BB5F-6942E4537A02}.AppStore|x64.ActiveCfg = AppStore|iPhone
		{4F5380E3-5DD3-4E93-BB5F-6942E4537A02}.AppStore|x64.Build.0 = AppStore|iPhone
		{4F5380E3-5DD3-4E93-BB5F-6942E4537A02}.AppStore|x64.Deploy.0 = AppStore|iPhone
		{4F5380E3-5DD3-4E93-BB5F-6942E4537A02}.AppStore|x86.ActiveCfg = AppStore|iPhone
		{4F5380E3-5DD3-4E93-BB5F-6942E4537A02}.AppStore|x86.Build.0 = AppStore|iPhone
		{4F5380E3-5DD3-4E93-BB5F-6942E4537A02}.AppStore|x86.Deploy.0 = AppStore|iPhone
		{4F5380E3-5DD3-4E93-BB5F-6942E4537A02}.Debug|Any CPU.ActiveCfg = Debug|iPhoneSimulator
		{4F5380E3-5DD3-4E93-BB5F-6942E4537A02}.Debug|Any CPU.Build.0 = Debug|iPhoneSimulator
		{4F5380E3-5DD3-4E93-BB5F-6942E4537A02}.Debug|Any CPU.Deploy.0 = Debug|iPhoneSimulator
		{4F5380E3-5DD3-4E93-BB5F-6942E4537A02}.Debug|ARM.ActiveCfg = Debug|iPhone
		{4F5380E3-5DD3-4E93-BB5F-6942E4537A02}.Debug|ARM.Build.0 = Debug|iPhone
		{4F5380E3-5DD3-4E93-BB5F-6942E4537A02}.Debug|ARM.Deploy.0 = Debug|iPhone
		{4F5380E3-5DD3-4E93-BB5F-6942E4537A02}.Debug|iPhone.ActiveCfg = Debug|iPhone
		{4F5380E3-5DD3-4E93-BB5F-6942E4537A02}.Debug|iPhone.Build.0 = Debug|iPhone
		{4F5380E3-5DD3-4E93-BB5F-6942E4537A02}.Debug|iPhone.Deploy.0 = Debug|iPhone
		{4F5380E3-5DD3-4E93-BB5F-6942E4537A02}.Debug|iPhoneSimulator.ActiveCfg = Debug|iPhoneSimulator
		{4F5380E3-5DD3-4E93-BB5F-6942E4537A02}.Debug|iPhoneSimulator.Build.0 = Debug|iPhoneSimulator
		{4F5380E3-5DD3-4E93-BB5F-6942E4537A02}.Debug|iPhoneSimulator.Deploy.0 = Debug|iPhoneSimulator
		{4F5380E3-5DD3-4E93-BB5F-6942E4537A02}.Debug|x64.ActiveCfg = Debug|iPhone
		{4F5380E3-5DD3-4E93-BB5F-6942E4537A02}.Debug|x64.Build.0 = Debug|iPhone
		{4F5380E3-5DD3-4E93-BB5F-6942E4537A02}.Debug|x64.Deploy.0 = Debug|iPhone
		{4F5380E3-5DD3-4E93-BB5F-6942E4537A02}.Debug|x86.ActiveCfg = Debug|iPhone
		{4F5380E3-5DD3-4E93-BB5F-6942E4537A02}.Debug|x86.Build.0 = Debug|iPhone
		{4F5380E3-5DD3-4E93-BB5F-6942E4537A02}.Debug|x86.Deploy.0 = Debug|iPhone
		{4F5380E3-5DD3-4E93-BB5F-6942E4537A02}.Release|Any CPU.ActiveCfg = Release|iPhone
		{4F5380E3-5DD3-4E93-BB5F-6942E4537A02}.Release|Any CPU.Build.0 = Release|iPhone
		{4F5380E3-5DD3-4E93-BB5F-6942E4537A02}.Release|Any CPU.Deploy.0 = Release|iPhone
		{4F5380E3-5DD3-4E93-BB5F-6942E4537A02}.Release|ARM.ActiveCfg = Release|iPhone
		{4F5380E3-5DD3-4E93-BB5F-6942E4537A02}.Release|ARM.Build.0 = Release|iPhone
		{4F5380E3-5DD3-4E93-BB5F-6942E4537A02}.Release|ARM.Deploy.0 = Release|iPhone
		{4F5380E3-5DD3-4E93-BB5F-6942E4537A02}.Release|iPhone.ActiveCfg = Release|iPhone
		{4F5380E3-5DD3-4E93-BB5F-6942E4537A02}.Release|iPhone.Build.0 = Release|iPhone
		{4F5380E3-5DD3-4E93-BB5F-6942E4537A02}.Release|iPhone.Deploy.0 = Release|iPhone
		{4F5380E3-5DD3-4E93-BB5F-6942E4537A02}.Release|iPhoneSimulator.ActiveCfg = Release|iPhoneSimulator
		{4F5380E3-5DD3-4E93-BB5F-6942E4537A02}.Release|iPhoneSimulator.Build.0 = Release|iPhoneSimulator
		{4F5380E3-5DD3-4E93-BB5F-6942E4537A02}.Release|iPhoneSimulator.Deploy.0 = Release|iPhoneSimulator
		{4F5380E3-5DD3-4E93-BB5F-6942E4537A02}.Release|x64.ActiveCfg = Release|iPhone
		{4F5380E3-5DD3-4E93-BB5F-6942E4537A02}.Release|x64.Build.0 = Release|iPhone
		{4F5380E3-5DD3-4E93-BB5F-6942E4537A02}.Release|x64.Deploy.0 = Release|iPhone
		{4F5380E3-5DD3-4E93-BB5F-6942E4537A02}.Release|x86.ActiveCfg = Release|iPhone
		{4F5380E3-5DD3-4E93-BB5F-6942E4537A02}.Release|x86.Build.0 = Release|iPhone
		{4F5380E3-5DD3-4E93-BB5F-6942E4537A02}.Release|x86.Deploy.0 = Release|iPhone
		{72393353-363B-488D-AE2B-D6446B31B2B7}.Ad-Hoc|Any CPU.ActiveCfg = Release|x86
		{72393353-363B-488D-AE2B-D6446B31B2B7}.Ad-Hoc|Any CPU.Build.0 = Release|x86
		{72393353-363B-488D-AE2B-D6446B31B2B7}.Ad-Hoc|Any CPU.Deploy.0 = Release|x86
		{72393353-363B-488D-AE2B-D6446B31B2B7}.Ad-Hoc|ARM.ActiveCfg = Release|ARM
		{72393353-363B-488D-AE2B-D6446B31B2B7}.Ad-Hoc|ARM.Build.0 = Release|ARM
		{72393353-363B-488D-AE2B-D6446B31B2B7}.Ad-Hoc|ARM.Deploy.0 = Release|ARM
		{72393353-363B-488D-AE2B-D6446B31B2B7}.Ad-Hoc|iPhone.ActiveCfg = Release|x86
		{72393353-363B-488D-AE2B-D6446B31B2B7}.Ad-Hoc|iPhone.Build.0 = Release|x86
		{72393353-363B-488D-AE2B-D6446B31B2B7}.Ad-Hoc|iPhone.Deploy.0 = Release|x86
		{72393353-363B-488D-AE2B-D6446B31B2B7}.Ad-Hoc|iPhoneSimulator.ActiveCfg = Release|x86
		{72393353-363B-488D-AE2B-D6446B31B2B7}.Ad-Hoc|iPhoneSimulator.Build.0 = Release|x86
		{72393353-363B-488D-AE2B-D6446B31B2B7}.Ad-Hoc|iPhoneSimulator.Deploy.0 = Release|x86
		{72393353-363B-488D-AE2B-D6446B31B2B7}.Ad-Hoc|x64.ActiveCfg = Release|x64
		{72393353-363B-488D-AE2B-D6446B31B2B7}.Ad-Hoc|x64.Build.0 = Release|x64
		{72393353-363B-488D-AE2B-D6446B31B2B7}.Ad-Hoc|x64.Deploy.0 = Release|x64
		{72393353-363B-488D-AE2B-D6446B31B2B7}.Ad-Hoc|x86.ActiveCfg = Release|x86
		{72393353-363B-488D-AE2B-D6446B31B2B7}.Ad-Hoc|x86.Build.0 = Release|x86
		{72393353-363B-488D-AE2B-D6446B31B2B7}.Ad-Hoc|x86.Deploy.0 = Release|x86
		{72393353-363B-488D-AE2B-D6446B31B2B7}.AppStore|Any CPU.ActiveCfg = Release|x86
		{72393353-363B-488D-AE2B-D6446B31B2B7}.AppStore|Any CPU.Build.0 = Release|x86
		{72393353-363B-488D-AE2B-D6446B31B2B7}.AppStore|Any CPU.Deploy.0 = Release|x86
		{72393353-363B-488D-AE2B-D6446B31B2B7}.AppStore|ARM.ActiveCfg = Release|ARM
		{72393353-363B-488D-AE2B-D6446B31B2B7}.AppStore|ARM.Build.0 = Release|ARM
		{72393353-363B-488D-AE2B-D6446B31B2B7}.AppStore|ARM.Deploy.0 = Release|ARM
		{72393353-363B-488D-AE2B-D6446B31B2B7}.AppStore|iPhone.ActiveCfg = Release|x86
		{72393353-363B-488D-AE2B-D6446B31B2B7}.AppStore|iPhone.Build.0 = Release|x86
		{72393353-363B-488D-AE2B-D6446B31B2B7}.AppStore|iPhone.Deploy.0 = Release|x86
		{72393353-363B-488D-AE2B-D6446B31B2B7}.AppStore|iPhoneSimulator.ActiveCfg = Release|x86
		{72393353-363B-488D-AE2B-D6446B31B2B7}.AppStore|iPhoneSimulator.Build.0 = Release|x86
		{72393353-363B-488D-AE2B-D6446B31B2B7}.AppStore|iPhoneSimulator.Deploy.0 = Release|x86
		{72393353-363B-488D-AE2B-D6446B31B2B7}.AppStore|x64.ActiveCfg = Release|x64
		{72393353-363B-488D-AE2B-D6446B31B2B7}.AppStore|x64.Build.0 = Release|x64
		{72393353-363B-488D-AE2B-D6446B31B2B7}.AppStore|x64.Deploy.0 = Release|x64
		{72393353-363B-488D-AE2B-D6446B31B2B7}.AppStore|x86.ActiveCfg = Release|x86
		{72393353-363B-488D-AE2B-D6446B31B2B7}.AppStore|x86.Build.0 = Release|x86
		{72393353-363B-488D-AE2B-D6446B31B2B7}.AppStore|x86.Deploy.0 = Release|x86
		{72393353-363B-488D-AE2B-D6446B31B2B7}.Debug|Any CPU.ActiveCfg = Debug|x86
		{72393353-363B-488D-AE2B-D6446B31B2B7}.Debug|Any CPU.Build.0 = Debug|x86
		{72393353-363B-488D-AE2B-D6446B31B2B7}.Debug|Any CPU.Deploy.0 = Debug|x86
		{72393353-363B-488D-AE2B-D6446B31B2B7}.Debug|ARM.ActiveCfg = Debug|ARM
		{72393353-363B-488D-AE2B-D6446B31B2B7}.Debug|ARM.Build.0 = Debug|ARM
		{72393353-363B-488D-AE2B-D6446B31B2B7}.Debug|ARM.Deploy.0 = Debug|ARM
		{72393353-363B-488D-AE2B-D6446B31B2B7}.Debug|iPhone.ActiveCfg = Debug|x86
		{72393353-363B-488D-AE2B-D6446B31B2B7}.Debug|iPhone.Build.0 = Debug|x86
		{72393353-363B-488D-AE2B-D6446B31B2B7}.Debug|iPhone.Deploy.0 = Debug|x86
		{72393353-363B-488D-AE2B-D6446B31B2B7}.Debug|iPhoneSimulator.ActiveCfg = Debug|x86
		{72393353-363B-488D-AE2B-D6446B31B2B7}.Debug|iPhoneSimulator.Build.0 = Debug|x86
		{72393353-363B-488D-AE2B-D6446B31B2B7}.Debug|iPhoneSimulator.Deploy.0 = Debug|x86
		{72393353-363B-488D-AE2B-D6446B31B2B7}.Debug|x64.ActiveCfg = Debug|x64
		{72393353-363B-488D-AE2B-D6446B31B2B7}.Debug|x64.Build.0 = Debug|x64
		{72393353-363B-488D-AE2B-D6446B31B2B7}.Debug|x64.Deploy.0 = Debug|x64
		{72393353-363B-488D-AE2B-D6446B31B2B7}.Debug|x86.ActiveCfg = Debug|x86
		{72393353-363B-488D-AE2B-D6446B31B2B7}.Debug|x86.Build.0 = Debug|x86
		{72393353-363B-488D-AE2B-D6446B31B2B7}.Debug|x86.Deploy.0 = Debug|x86
		{72393353-363B-488D-AE2B-D6446B31B2B7}.Release|Any CPU.ActiveCfg = Release|x86
		{72393353-363B-488D-AE2B-D6446B31B2B7}.Release|Any CPU.Build.0 = Release|x86
		{72393353-363B-488D-AE2B-D6446B31B2B7}.Release|Any CPU.Deploy.0 = Release|x86
		{72393353-363B-488D-AE2B-D6446B31B2B7}.Release|ARM.ActiveCfg = Release|ARM
		{72393353-363B-488D-AE2B-D6446B31B2B7}.Release|ARM.Build.0 = Release|ARM
		{72393353-363B-488D-AE2B-D6446B31B2B7}.Release|ARM.Deploy.0 = Release|ARM
		{72393353-363B-488D-AE2B-D6446B31B2B7}.Release|iPhone.ActiveCfg = Release|x86
		{72393353-363B-488D-AE2B-D6446B31B2B7}.Release|iPhone.Build.0 = Release|x86
		{72393353-363B-488D-AE2B-D6446B31B2B7}.Release|iPhone.Deploy.0 = Release|x86
		{72393353-363B-488D-AE2B-D6446B31B2B7}.Release|iPhoneSimulator.ActiveCfg = Release|x86
		{72393353-363B-488D-AE2B-D6446B31B2B7}.Release|iPhoneSimulator.Build.0 = Release|x86
		{72393353-363B-488D-AE2B-D6446B31B2B7}.Release|iPhoneSimulator.Deploy.0 = Release|x86
		{72393353-363B-488D-AE2B-D6446B31B2B7}.Release|x64.ActiveCfg = Release|x64
		{72393353-363B-488D-AE2B-D6446B31B2B7}.Release|x64.Build.0 = Release|x64
		{72393353-363B-488D-AE2B-D6446B31B2B7}.Release|x64.Deploy.0 = Release|x64
		{72393353-363B-488D-AE2B-D6446B31B2B7}.Release|x86.ActiveCfg = Release|x86
		{72393353-363B-488D-AE2B-D6446B31B2B7}.Release|x86.Build.0 = Release|x86
		{72393353-363B-488D-AE2B-D6446B31B2B7}.Release|x86.Deploy.0 = Release|x86
		{27D87651-81C6-496C-8A57-936EE3745AFD}.Ad-Hoc|Any CPU.ActiveCfg = Debug|Any CPU
		{27D87651-81C6-496C-8A57-936EE3745AFD}.Ad-Hoc|Any CPU.Build.0 = Debug|Any CPU
		{27D87651-81C6-496C-8A57-936EE3745AFD}.Ad-Hoc|Any CPU.Deploy.0 = Debug|Any CPU
		{27D87651-81C6-496C-8A57-936EE3745AFD}.Ad-Hoc|ARM.ActiveCfg = Debug|Any CPU
		{27D87651-81C6-496C-8A57-936EE3745AFD}.Ad-Hoc|ARM.Build.0 = Debug|Any CPU
		{27D87651-81C6-496C-8A57-936EE3745AFD}.Ad-Hoc|ARM.Deploy.0 = Debug|Any CPU
		{27D87651-81C6-496C-8A57-936EE3745AFD}.Ad-Hoc|iPhone.ActiveCfg = Debug|Any CPU
		{27D87651-81C6-496C-8A57-936EE3745AFD}.Ad-Hoc|iPhone.Build.0 = Debug|Any CPU
		{27D87651-81C6-496C-8A57-936EE3745AFD}.Ad-Hoc|iPhone.Deploy.0 = Debug|Any CPU
		{27D87651-81C6-496C-8A57-936EE3745AFD}.Ad-Hoc|iPhoneSimulator.ActiveCfg = Debug|Any CPU
		{27D87651-81C6-496C-8A57-936EE3745AFD}.Ad-Hoc|iPhoneSimulator.Build.0 = Debug|Any CPU
		{27D87651-81C6-496C-8A57-936EE3745AFD}.Ad-Hoc|iPhoneSimulator.Deploy.0 = Debug|Any CPU
		{27D87651-81C6-496C-8A57-936EE3745AFD}.Ad-Hoc|x64.ActiveCfg = Debug|Any CPU
		{27D87651-81C6-496C-8A57-936EE3745AFD}.Ad-Hoc|x64.Build.0 = Debug|Any CPU
		{27D87651-81C6-496C-8A57-936EE3745AFD}.Ad-Hoc|x64.Deploy.0 = Debug|Any CPU
		{27D87651-81C6-496C-8A57-936EE3745AFD}.Ad-Hoc|x86.ActiveCfg = Debug|Any CPU
		{27D87651-81C6-496C-8A57-936EE3745AFD}.Ad-Hoc|x86.Build.0 = Debug|Any CPU
		{27D87651-81C6-496C-8A57-936EE3745AFD}.Ad-Hoc|x86.Deploy.0 = Debug|Any CPU
		{27D87651-81C6-496C-8A57-936EE3745AFD}.AppStore|Any CPU.ActiveCfg = Debug|Any CPU
		{27D87651-81C6-496C-8A57-936EE3745AFD}.AppStore|Any CPU.Build.0 = Debug|Any CPU
		{27D87651-81C6-496C-8A57-936EE3745AFD}.AppStore|Any CPU.Deploy.0 = Debug|Any CPU
		{27D87651-81C6-496C-8A57-936EE3745AFD}.AppStore|ARM.ActiveCfg = Debug|Any CPU
		{27D87651-81C6-496C-8A57-936EE3745AFD}.AppStore|ARM.Build.0 = Debug|Any CPU
		{27D87651-81C6-496C-8A57-936EE3745AFD}.AppStore|ARM.Deploy.0 = Debug|Any CPU
		{27D87651-81C6-496C-8A57-936EE3745AFD}.AppStore|iPhone.ActiveCfg = Debug|Any CPU
		{27D87651-81C6-496C-8A57-936EE3745AFD}.AppStore|iPhone.Build.0 = Debug|Any CPU
		{27D87651-81C6-496C-8A57-936EE3745AFD}.AppStore|iPhone.Deploy.0 = Debug|Any CPU
		{27D87651-81C6-496C-8A57-936EE3745AFD}.AppStore|iPhoneSimulator.ActiveCfg = Debug|Any CPU
		{27D87651-81C6-496C-8A57-936EE3745AFD}.AppStore|iPhoneSimulator.Build.0 = Debug|Any CPU
		{27D87651-81C6-496C-8A57-936EE3745AFD}.AppStore|iPhoneSimulator.Deploy.0 = Debug|Any CPU
		{27D87651-81C6-496C-8A57-936EE3745AFD}.AppStore|x64.ActiveCfg = Debug|Any CPU
		{27D87651-81C6-496C-8A57-936EE3745AFD}.AppStore|x64.Build.0 = Debug|Any CPU
		{27D87651-81C6-496C-8A57-936EE3745AFD}.AppStore|x64.Deploy.0 = Debug|Any CPU
		{27D87651-81C6-496C-8A57-936EE3745AFD}.AppStore|x86.ActiveCfg = Debug|Any CPU
		{27D87651-81C6-496C-8A57-936EE3745AFD}.AppStore|x86.Build.0 = Debug|Any CPU
		{27D87651-81C6-496C-8A57-936EE3745AFD}.AppStore|x86.Deploy.0 = Debug|Any CPU
		{27D87651-81C6-496C-8A57-936EE3745AFD}.Debug|Any CPU.ActiveCfg = Debug|Any CPU
		{27D87651-81C6-496C-8A57-936EE3745AFD}.Debug|Any CPU.Build.0 = Debug|Any CPU
		{27D87651-81C6-496C-8A57-936EE3745AFD}.Debug|Any CPU.Deploy.0 = Debug|Any CPU
		{27D87651-81C6-496C-8A57-936EE3745AFD}.Debug|ARM.ActiveCfg = Debug|Any CPU
		{27D87651-81C6-496C-8A57-936EE3745AFD}.Debug|ARM.Build.0 = Debug|Any CPU
		{27D87651-81C6-496C-8A57-936EE3745AFD}.Debug|ARM.Deploy.0 = Debug|Any CPU
		{27D87651-81C6-496C-8A57-936EE3745AFD}.Debug|iPhone.ActiveCfg = Debug|Any CPU
		{27D87651-81C6-496C-8A57-936EE3745AFD}.Debug|iPhone.Build.0 = Debug|Any CPU
		{27D87651-81C6-496C-8A57-936EE3745AFD}.Debug|iPhone.Deploy.0 = Debug|Any CPU
		{27D87651-81C6-496C-8A57-936EE3745AFD}.Debug|iPhoneSimulator.ActiveCfg = Debug|Any CPU
		{27D87651-81C6-496C-8A57-936EE3745AFD}.Debug|iPhoneSimulator.Build.0 = Debug|Any CPU
		{27D87651-81C6-496C-8A57-936EE3745AFD}.Debug|iPhoneSimulator.Deploy.0 = Debug|Any CPU
		{27D87651-81C6-496C-8A57-936EE3745AFD}.Debug|x64.ActiveCfg = Debug|Any CPU
		{27D87651-81C6-496C-8A57-936EE3745AFD}.Debug|x64.Build.0 = Debug|Any CPU
		{27D87651-81C6-496C-8A57-936EE3745AFD}.Debug|x64.Deploy.0 = Debug|Any CPU
		{27D87651-81C6-496C-8A57-936EE3745AFD}.Debug|x86.ActiveCfg = Debug|Any CPU
		{27D87651-81C6-496C-8A57-936EE3745AFD}.Debug|x86.Build.0 = Debug|Any CPU
		{27D87651-81C6-496C-8A57-936EE3745AFD}.Debug|x86.Deploy.0 = Debug|Any CPU
		{27D87651-81C6-496C-8A57-936EE3745AFD}.Release|Any CPU.ActiveCfg = Release|Any CPU
		{27D87651-81C6-496C-8A57-936EE3745AFD}.Release|Any CPU.Build.0 = Release|Any CPU
		{27D87651-81C6-496C-8A57-936EE3745AFD}.Release|Any CPU.Deploy.0 = Release|Any CPU
		{27D87651-81C6-496C-8A57-936EE3745AFD}.Release|ARM.ActiveCfg = Release|Any CPU
		{27D87651-81C6-496C-8A57-936EE3745AFD}.Release|ARM.Build.0 = Release|Any CPU
		{27D87651-81C6-496C-8A57-936EE3745AFD}.Release|ARM.Deploy.0 = Release|Any CPU
		{27D87651-81C6-496C-8A57-936EE3745AFD}.Release|iPhone.ActiveCfg = Release|Any CPU
		{27D87651-81C6-496C-8A57-936EE3745AFD}.Release|iPhone.Build.0 = Release|Any CPU
		{27D87651-81C6-496C-8A57-936EE3745AFD}.Release|iPhone.Deploy.0 = Release|Any CPU
		{27D87651-81C6-496C-8A57-936EE3745AFD}.Release|iPhoneSimulator.ActiveCfg = Release|Any CPU
		{27D87651-81C6-496C-8A57-936EE3745AFD}.Release|iPhoneSimulator.Build.0 = Release|Any CPU
		{27D87651-81C6-496C-8A57-936EE3745AFD}.Release|iPhoneSimulator.Deploy.0 = Release|Any CPU
		{27D87651-81C6-496C-8A57-936EE3745AFD}.Release|x64.ActiveCfg = Release|Any CPU
		{27D87651-81C6-496C-8A57-936EE3745AFD}.Release|x64.Build.0 = Release|Any CPU
		{27D87651-81C6-496C-8A57-936EE3745AFD}.Release|x64.Deploy.0 = Release|Any CPU
		{27D87651-81C6-496C-8A57-936EE3745AFD}.Release|x86.ActiveCfg = Release|Any CPU
		{27D87651-81C6-496C-8A57-936EE3745AFD}.Release|x86.Build.0 = Release|Any CPU
		{27D87651-81C6-496C-8A57-936EE3745AFD}.Release|x86.Deploy.0 = Release|Any CPU
		{BE41694C-4675-46DD-AE8A-CE636F9194C2}.Ad-Hoc|Any CPU.ActiveCfg = Debug|Any CPU
		{BE41694C-4675-46DD-AE8A-CE636F9194C2}.Ad-Hoc|Any CPU.Build.0 = Debug|Any CPU
		{BE41694C-4675-46DD-AE8A-CE636F9194C2}.Ad-Hoc|ARM.ActiveCfg = Debug|Any CPU
		{BE41694C-4675-46DD-AE8A-CE636F9194C2}.Ad-Hoc|ARM.Build.0 = Debug|Any CPU
		{BE41694C-4675-46DD-AE8A-CE636F9194C2}.Ad-Hoc|iPhone.ActiveCfg = Debug|Any CPU
		{BE41694C-4675-46DD-AE8A-CE636F9194C2}.Ad-Hoc|iPhone.Build.0 = Debug|Any CPU
		{BE41694C-4675-46DD-AE8A-CE636F9194C2}.Ad-Hoc|iPhoneSimulator.ActiveCfg = Debug|Any CPU
		{BE41694C-4675-46DD-AE8A-CE636F9194C2}.Ad-Hoc|iPhoneSimulator.Build.0 = Debug|Any CPU
		{BE41694C-4675-46DD-AE8A-CE636F9194C2}.Ad-Hoc|x64.ActiveCfg = Debug|Any CPU
		{BE41694C-4675-46DD-AE8A-CE636F9194C2}.Ad-Hoc|x64.Build.0 = Debug|Any CPU
		{BE41694C-4675-46DD-AE8A-CE636F9194C2}.Ad-Hoc|x86.ActiveCfg = Debug|Any CPU
		{BE41694C-4675-46DD-AE8A-CE636F9194C2}.Ad-Hoc|x86.Build.0 = Debug|Any CPU
		{BE41694C-4675-46DD-AE8A-CE636F9194C2}.AppStore|Any CPU.ActiveCfg = Debug|Any CPU
		{BE41694C-4675-46DD-AE8A-CE636F9194C2}.AppStore|Any CPU.Build.0 = Debug|Any CPU
		{BE41694C-4675-46DD-AE8A-CE636F9194C2}.AppStore|ARM.ActiveCfg = Debug|Any CPU
		{BE41694C-4675-46DD-AE8A-CE636F9194C2}.AppStore|ARM.Build.0 = Debug|Any CPU
		{BE41694C-4675-46DD-AE8A-CE636F9194C2}.AppStore|iPhone.ActiveCfg = Debug|Any CPU
		{BE41694C-4675-46DD-AE8A-CE636F9194C2}.AppStore|iPhone.Build.0 = Debug|Any CPU
		{BE41694C-4675-46DD-AE8A-CE636F9194C2}.AppStore|iPhoneSimulator.ActiveCfg = Debug|Any CPU
		{BE41694C-4675-46DD-AE8A-CE636F9194C2}.AppStore|iPhoneSimulator.Build.0 = Debug|Any CPU
		{BE41694C-4675-46DD-AE8A-CE636F9194C2}.AppStore|x64.ActiveCfg = Debug|Any CPU
		{BE41694C-4675-46DD-AE8A-CE636F9194C2}.AppStore|x64.Build.0 = Debug|Any CPU
		{BE41694C-4675-46DD-AE8A-CE636F9194C2}.AppStore|x86.ActiveCfg = Debug|Any CPU
		{BE41694C-4675-46DD-AE8A-CE636F9194C2}.AppStore|x86.Build.0 = Debug|Any CPU
		{BE41694C-4675-46DD-AE8A-CE636F9194C2}.Debug|Any CPU.ActiveCfg = Debug|Any CPU
		{BE41694C-4675-46DD-AE8A-CE636F9194C2}.Debug|Any CPU.Build.0 = Debug|Any CPU
		{BE41694C-4675-46DD-AE8A-CE636F9194C2}.Debug|ARM.ActiveCfg = Debug|Any CPU
		{BE41694C-4675-46DD-AE8A-CE636F9194C2}.Debug|ARM.Build.0 = Debug|Any CPU
		{BE41694C-4675-46DD-AE8A-CE636F9194C2}.Debug|iPhone.ActiveCfg = Debug|Any CPU
		{BE41694C-4675-46DD-AE8A-CE636F9194C2}.Debug|iPhone.Build.0 = Debug|Any CPU
		{BE41694C-4675-46DD-AE8A-CE636F9194C2}.Debug|iPhoneSimulator.ActiveCfg = Debug|Any CPU
		{BE41694C-4675-46DD-AE8A-CE636F9194C2}.Debug|iPhoneSimulator.Build.0 = Debug|Any CPU
		{BE41694C-4675-46DD-AE8A-CE636F9194C2}.Debug|x64.ActiveCfg = Debug|Any CPU
		{BE41694C-4675-46DD-AE8A-CE636F9194C2}.Debug|x64.Build.0 = Debug|Any CPU
		{BE41694C-4675-46DD-AE8A-CE636F9194C2}.Debug|x86.ActiveCfg = Debug|Any CPU
		{BE41694C-4675-46DD-AE8A-CE636F9194C2}.Debug|x86.Build.0 = Debug|Any CPU
		{BE41694C-4675-46DD-AE8A-CE636F9194C2}.Release|Any CPU.ActiveCfg = Release|Any CPU
		{BE41694C-4675-46DD-AE8A-CE636F9194C2}.Release|Any CPU.Build.0 = Release|Any CPU
		{BE41694C-4675-46DD-AE8A-CE636F9194C2}.Release|ARM.ActiveCfg = Release|Any CPU
		{BE41694C-4675-46DD-AE8A-CE636F9194C2}.Release|ARM.Build.0 = Release|Any CPU
		{BE41694C-4675-46DD-AE8A-CE636F9194C2}.Release|iPhone.ActiveCfg = Release|Any CPU
		{BE41694C-4675-46DD-AE8A-CE636F9194C2}.Release|iPhone.Build.0 = Release|Any CPU
		{BE41694C-4675-46DD-AE8A-CE636F9194C2}.Release|iPhoneSimulator.ActiveCfg = Release|Any CPU
		{BE41694C-4675-46DD-AE8A-CE636F9194C2}.Release|iPhoneSimulator.Build.0 = Release|Any CPU
		{BE41694C-4675-46DD-AE8A-CE636F9194C2}.Release|x64.ActiveCfg = Release|Any CPU
		{BE41694C-4675-46DD-AE8A-CE636F9194C2}.Release|x64.Build.0 = Release|Any CPU
		{BE41694C-4675-46DD-AE8A-CE636F9194C2}.Release|x86.ActiveCfg = Release|Any CPU
		{BE41694C-4675-46DD-AE8A-CE636F9194C2}.Release|x86.Build.0 = Release|Any CPU
		{89565F92-E3A7-4566-8E67-A50CA01F4903}.Ad-Hoc|Any CPU.ActiveCfg = Debug|Any CPU
		{89565F92-E3A7-4566-8E67-A50CA01F4903}.Ad-Hoc|Any CPU.Build.0 = Debug|Any CPU
		{89565F92-E3A7-4566-8E67-A50CA01F4903}.Ad-Hoc|ARM.ActiveCfg = Debug|Any CPU
		{89565F92-E3A7-4566-8E67-A50CA01F4903}.Ad-Hoc|ARM.Build.0 = Debug|Any CPU
		{89565F92-E3A7-4566-8E67-A50CA01F4903}.Ad-Hoc|iPhone.ActiveCfg = Debug|Any CPU
		{89565F92-E3A7-4566-8E67-A50CA01F4903}.Ad-Hoc|iPhone.Build.0 = Debug|Any CPU
		{89565F92-E3A7-4566-8E67-A50CA01F4903}.Ad-Hoc|iPhoneSimulator.ActiveCfg = Debug|Any CPU
		{89565F92-E3A7-4566-8E67-A50CA01F4903}.Ad-Hoc|iPhoneSimulator.Build.0 = Debug|Any CPU
		{89565F92-E3A7-4566-8E67-A50CA01F4903}.Ad-Hoc|x64.ActiveCfg = Debug|Any CPU
		{89565F92-E3A7-4566-8E67-A50CA01F4903}.Ad-Hoc|x64.Build.0 = Debug|Any CPU
		{89565F92-E3A7-4566-8E67-A50CA01F4903}.Ad-Hoc|x86.ActiveCfg = Debug|Any CPU
		{89565F92-E3A7-4566-8E67-A50CA01F4903}.Ad-Hoc|x86.Build.0 = Debug|Any CPU
		{89565F92-E3A7-4566-8E67-A50CA01F4903}.AppStore|Any CPU.ActiveCfg = Debug|Any CPU
		{89565F92-E3A7-4566-8E67-A50CA01F4903}.AppStore|Any CPU.Build.0 = Debug|Any CPU
		{89565F92-E3A7-4566-8E67-A50CA01F4903}.AppStore|ARM.ActiveCfg = Debug|Any CPU
		{89565F92-E3A7-4566-8E67-A50CA01F4903}.AppStore|ARM.Build.0 = Debug|Any CPU
		{89565F92-E3A7-4566-8E67-A50CA01F4903}.AppStore|iPhone.ActiveCfg = Debug|Any CPU
		{89565F92-E3A7-4566-8E67-A50CA01F4903}.AppStore|iPhone.Build.0 = Debug|Any CPU
		{89565F92-E3A7-4566-8E67-A50CA01F4903}.AppStore|iPhoneSimulator.ActiveCfg = Debug|Any CPU
		{89565F92-E3A7-4566-8E67-A50CA01F4903}.AppStore|iPhoneSimulator.Build.0 = Debug|Any CPU
		{89565F92-E3A7-4566-8E67-A50CA01F4903}.AppStore|x64.ActiveCfg = Debug|Any CPU
		{89565F92-E3A7-4566-8E67-A50CA01F4903}.AppStore|x64.Build.0 = Debug|Any CPU
		{89565F92-E3A7-4566-8E67-A50CA01F4903}.AppStore|x86.ActiveCfg = Debug|Any CPU
		{89565F92-E3A7-4566-8E67-A50CA01F4903}.AppStore|x86.Build.0 = Debug|Any CPU
		{89565F92-E3A7-4566-8E67-A50CA01F4903}.Debug|Any CPU.ActiveCfg = Debug|Any CPU
		{89565F92-E3A7-4566-8E67-A50CA01F4903}.Debug|Any CPU.Build.0 = Debug|Any CPU
		{89565F92-E3A7-4566-8E67-A50CA01F4903}.Debug|ARM.ActiveCfg = Debug|Any CPU
		{89565F92-E3A7-4566-8E67-A50CA01F4903}.Debug|ARM.Build.0 = Debug|Any CPU
		{89565F92-E3A7-4566-8E67-A50CA01F4903}.Debug|iPhone.ActiveCfg = Debug|Any CPU
		{89565F92-E3A7-4566-8E67-A50CA01F4903}.Debug|iPhone.Build.0 = Debug|Any CPU
		{89565F92-E3A7-4566-8E67-A50CA01F4903}.Debug|iPhoneSimulator.ActiveCfg = Debug|Any CPU
		{89565F92-E3A7-4566-8E67-A50CA01F4903}.Debug|iPhoneSimulator.Build.0 = Debug|Any CPU
		{89565F92-E3A7-4566-8E67-A50CA01F4903}.Debug|x64.ActiveCfg = Debug|Any CPU
		{89565F92-E3A7-4566-8E67-A50CA01F4903}.Debug|x64.Build.0 = Debug|Any CPU
		{89565F92-E3A7-4566-8E67-A50CA01F4903}.Debug|x86.ActiveCfg = Debug|Any CPU
		{89565F92-E3A7-4566-8E67-A50CA01F4903}.Debug|x86.Build.0 = Debug|Any CPU
		{89565F92-E3A7-4566-8E67-A50CA01F4903}.Release|Any CPU.ActiveCfg = Release|Any CPU
		{89565F92-E3A7-4566-8E67-A50CA01F4903}.Release|Any CPU.Build.0 = Release|Any CPU
		{89565F92-E3A7-4566-8E67-A50CA01F4903}.Release|ARM.ActiveCfg = Release|Any CPU
		{89565F92-E3A7-4566-8E67-A50CA01F4903}.Release|ARM.Build.0 = Release|Any CPU
		{89565F92-E3A7-4566-8E67-A50CA01F4903}.Release|iPhone.ActiveCfg = Release|Any CPU
		{89565F92-E3A7-4566-8E67-A50CA01F4903}.Release|iPhone.Build.0 = Release|Any CPU
		{89565F92-E3A7-4566-8E67-A50CA01F4903}.Release|iPhoneSimulator.ActiveCfg = Release|Any CPU
		{89565F92-E3A7-4566-8E67-A50CA01F4903}.Release|iPhoneSimulator.Build.0 = Release|Any CPU
		{89565F92-E3A7-4566-8E67-A50CA01F4903}.Release|x64.ActiveCfg = Release|Any CPU
		{89565F92-E3A7-4566-8E67-A50CA01F4903}.Release|x64.Build.0 = Release|Any CPU
		{89565F92-E3A7-4566-8E67-A50CA01F4903}.Release|x86.ActiveCfg = Release|Any CPU
		{89565F92-E3A7-4566-8E67-A50CA01F4903}.Release|x86.Build.0 = Release|Any CPU
		{A32F8DC9-D9AF-452F-9D22-EFB39DAA2D1F}.Ad-Hoc|Any CPU.ActiveCfg = Debug|Any CPU
		{A32F8DC9-D9AF-452F-9D22-EFB39DAA2D1F}.Ad-Hoc|Any CPU.Build.0 = Debug|Any CPU
		{A32F8DC9-D9AF-452F-9D22-EFB39DAA2D1F}.Ad-Hoc|ARM.ActiveCfg = Debug|Any CPU
		{A32F8DC9-D9AF-452F-9D22-EFB39DAA2D1F}.Ad-Hoc|ARM.Build.0 = Debug|Any CPU
		{A32F8DC9-D9AF-452F-9D22-EFB39DAA2D1F}.Ad-Hoc|iPhone.ActiveCfg = Debug|Any CPU
		{A32F8DC9-D9AF-452F-9D22-EFB39DAA2D1F}.Ad-Hoc|iPhone.Build.0 = Debug|Any CPU
		{A32F8DC9-D9AF-452F-9D22-EFB39DAA2D1F}.Ad-Hoc|iPhoneSimulator.ActiveCfg = Debug|Any CPU
		{A32F8DC9-D9AF-452F-9D22-EFB39DAA2D1F}.Ad-Hoc|iPhoneSimulator.Build.0 = Debug|Any CPU
		{A32F8DC9-D9AF-452F-9D22-EFB39DAA2D1F}.Ad-Hoc|x64.ActiveCfg = Debug|Any CPU
		{A32F8DC9-D9AF-452F-9D22-EFB39DAA2D1F}.Ad-Hoc|x64.Build.0 = Debug|Any CPU
		{A32F8DC9-D9AF-452F-9D22-EFB39DAA2D1F}.Ad-Hoc|x86.ActiveCfg = Debug|Any CPU
		{A32F8DC9-D9AF-452F-9D22-EFB39DAA2D1F}.Ad-Hoc|x86.Build.0 = Debug|Any CPU
		{A32F8DC9-D9AF-452F-9D22-EFB39DAA2D1F}.AppStore|Any CPU.ActiveCfg = Debug|Any CPU
		{A32F8DC9-D9AF-452F-9D22-EFB39DAA2D1F}.AppStore|Any CPU.Build.0 = Debug|Any CPU
		{A32F8DC9-D9AF-452F-9D22-EFB39DAA2D1F}.AppStore|ARM.ActiveCfg = Debug|Any CPU
		{A32F8DC9-D9AF-452F-9D22-EFB39DAA2D1F}.AppStore|ARM.Build.0 = Debug|Any CPU
		{A32F8DC9-D9AF-452F-9D22-EFB39DAA2D1F}.AppStore|iPhone.ActiveCfg = Debug|Any CPU
		{A32F8DC9-D9AF-452F-9D22-EFB39DAA2D1F}.AppStore|iPhone.Build.0 = Debug|Any CPU
		{A32F8DC9-D9AF-452F-9D22-EFB39DAA2D1F}.AppStore|iPhoneSimulator.ActiveCfg = Debug|Any CPU
		{A32F8DC9-D9AF-452F-9D22-EFB39DAA2D1F}.AppStore|iPhoneSimulator.Build.0 = Debug|Any CPU
		{A32F8DC9-D9AF-452F-9D22-EFB39DAA2D1F}.AppStore|x64.ActiveCfg = Debug|Any CPU
		{A32F8DC9-D9AF-452F-9D22-EFB39DAA2D1F}.AppStore|x64.Build.0 = Debug|Any CPU
		{A32F8DC9-D9AF-452F-9D22-EFB39DAA2D1F}.AppStore|x86.ActiveCfg = Debug|Any CPU
		{A32F8DC9-D9AF-452F-9D22-EFB39DAA2D1F}.AppStore|x86.Build.0 = Debug|Any CPU
		{A32F8DC9-D9AF-452F-9D22-EFB39DAA2D1F}.Debug|Any CPU.ActiveCfg = Debug|Any CPU
		{A32F8DC9-D9AF-452F-9D22-EFB39DAA2D1F}.Debug|Any CPU.Build.0 = Debug|Any CPU
		{A32F8DC9-D9AF-452F-9D22-EFB39DAA2D1F}.Debug|ARM.ActiveCfg = Debug|Any CPU
		{A32F8DC9-D9AF-452F-9D22-EFB39DAA2D1F}.Debug|ARM.Build.0 = Debug|Any CPU
		{A32F8DC9-D9AF-452F-9D22-EFB39DAA2D1F}.Debug|iPhone.ActiveCfg = Debug|Any CPU
		{A32F8DC9-D9AF-452F-9D22-EFB39DAA2D1F}.Debug|iPhone.Build.0 = Debug|Any CPU
		{A32F8DC9-D9AF-452F-9D22-EFB39DAA2D1F}.Debug|iPhoneSimulator.ActiveCfg = Debug|Any CPU
		{A32F8DC9-D9AF-452F-9D22-EFB39DAA2D1F}.Debug|iPhoneSimulator.Build.0 = Debug|Any CPU
		{A32F8DC9-D9AF-452F-9D22-EFB39DAA2D1F}.Debug|x64.ActiveCfg = Debug|Any CPU
		{A32F8DC9-D9AF-452F-9D22-EFB39DAA2D1F}.Debug|x64.Build.0 = Debug|Any CPU
		{A32F8DC9-D9AF-452F-9D22-EFB39DAA2D1F}.Debug|x86.ActiveCfg = Debug|Any CPU
		{A32F8DC9-D9AF-452F-9D22-EFB39DAA2D1F}.Debug|x86.Build.0 = Debug|Any CPU
		{A32F8DC9-D9AF-452F-9D22-EFB39DAA2D1F}.Release|Any CPU.ActiveCfg = Release|Any CPU
		{A32F8DC9-D9AF-452F-9D22-EFB39DAA2D1F}.Release|Any CPU.Build.0 = Release|Any CPU
		{A32F8DC9-D9AF-452F-9D22-EFB39DAA2D1F}.Release|ARM.ActiveCfg = Release|Any CPU
		{A32F8DC9-D9AF-452F-9D22-EFB39DAA2D1F}.Release|ARM.Build.0 = Release|Any CPU
		{A32F8DC9-D9AF-452F-9D22-EFB39DAA2D1F}.Release|iPhone.ActiveCfg = Release|Any CPU
		{A32F8DC9-D9AF-452F-9D22-EFB39DAA2D1F}.Release|iPhone.Build.0 = Release|Any CPU
		{A32F8DC9-D9AF-452F-9D22-EFB39DAA2D1F}.Release|iPhoneSimulator.ActiveCfg = Release|Any CPU
		{A32F8DC9-D9AF-452F-9D22-EFB39DAA2D1F}.Release|iPhoneSimulator.Build.0 = Release|Any CPU
		{A32F8DC9-D9AF-452F-9D22-EFB39DAA2D1F}.Release|x64.ActiveCfg = Release|Any CPU
		{A32F8DC9-D9AF-452F-9D22-EFB39DAA2D1F}.Release|x64.Build.0 = Release|Any CPU
		{A32F8DC9-D9AF-452F-9D22-EFB39DAA2D1F}.Release|x86.ActiveCfg = Release|Any CPU
		{A32F8DC9-D9AF-452F-9D22-EFB39DAA2D1F}.Release|x86.Build.0 = Release|Any CPU
		{9A5E7F0B-89A7-4083-9BB0-0947D6E31512}.Ad-Hoc|Any CPU.ActiveCfg = Debug|Any CPU
		{9A5E7F0B-89A7-4083-9BB0-0947D6E31512}.Ad-Hoc|Any CPU.Build.0 = Debug|Any CPU
		{9A5E7F0B-89A7-4083-9BB0-0947D6E31512}.Ad-Hoc|ARM.ActiveCfg = Debug|Any CPU
		{9A5E7F0B-89A7-4083-9BB0-0947D6E31512}.Ad-Hoc|ARM.Build.0 = Debug|Any CPU
		{9A5E7F0B-89A7-4083-9BB0-0947D6E31512}.Ad-Hoc|iPhone.ActiveCfg = Debug|Any CPU
		{9A5E7F0B-89A7-4083-9BB0-0947D6E31512}.Ad-Hoc|iPhone.Build.0 = Debug|Any CPU
		{9A5E7F0B-89A7-4083-9BB0-0947D6E31512}.Ad-Hoc|iPhoneSimulator.ActiveCfg = Debug|Any CPU
		{9A5E7F0B-89A7-4083-9BB0-0947D6E31512}.Ad-Hoc|iPhoneSimulator.Build.0 = Debug|Any CPU
		{9A5E7F0B-89A7-4083-9BB0-0947D6E31512}.Ad-Hoc|x64.ActiveCfg = Debug|Any CPU
		{9A5E7F0B-89A7-4083-9BB0-0947D6E31512}.Ad-Hoc|x64.Build.0 = Debug|Any CPU
		{9A5E7F0B-89A7-4083-9BB0-0947D6E31512}.Ad-Hoc|x86.ActiveCfg = Debug|Any CPU
		{9A5E7F0B-89A7-4083-9BB0-0947D6E31512}.Ad-Hoc|x86.Build.0 = Debug|Any CPU
		{9A5E7F0B-89A7-4083-9BB0-0947D6E31512}.AppStore|Any CPU.ActiveCfg = Debug|Any CPU
		{9A5E7F0B-89A7-4083-9BB0-0947D6E31512}.AppStore|Any CPU.Build.0 = Debug|Any CPU
		{9A5E7F0B-89A7-4083-9BB0-0947D6E31512}.AppStore|ARM.ActiveCfg = Debug|Any CPU
		{9A5E7F0B-89A7-4083-9BB0-0947D6E31512}.AppStore|ARM.Build.0 = Debug|Any CPU
		{9A5E7F0B-89A7-4083-9BB0-0947D6E31512}.AppStore|iPhone.ActiveCfg = Debug|Any CPU
		{9A5E7F0B-89A7-4083-9BB0-0947D6E31512}.AppStore|iPhone.Build.0 = Debug|Any CPU
		{9A5E7F0B-89A7-4083-9BB0-0947D6E31512}.AppStore|iPhoneSimulator.ActiveCfg = Debug|Any CPU
		{9A5E7F0B-89A7-4083-9BB0-0947D6E31512}.AppStore|iPhoneSimulator.Build.0 = Debug|Any CPU
		{9A5E7F0B-89A7-4083-9BB0-0947D6E31512}.AppStore|x64.ActiveCfg = Debug|Any CPU
		{9A5E7F0B-89A7-4083-9BB0-0947D6E31512}.AppStore|x64.Build.0 = Debug|Any CPU
		{9A5E7F0B-89A7-4083-9BB0-0947D6E31512}.AppStore|x86.ActiveCfg = Debug|Any CPU
		{9A5E7F0B-89A7-4083-9BB0-0947D6E31512}.AppStore|x86.Build.0 = Debug|Any CPU
		{9A5E7F0B-89A7-4083-9BB0-0947D6E31512}.Debug|Any CPU.ActiveCfg = Debug|Any CPU
		{9A5E7F0B-89A7-4083-9BB0-0947D6E31512}.Debug|Any CPU.Build.0 = Debug|Any CPU
		{9A5E7F0B-89A7-4083-9BB0-0947D6E31512}.Debug|ARM.ActiveCfg = Debug|Any CPU
		{9A5E7F0B-89A7-4083-9BB0-0947D6E31512}.Debug|ARM.Build.0 = Debug|Any CPU
		{9A5E7F0B-89A7-4083-9BB0-0947D6E31512}.Debug|iPhone.ActiveCfg = Debug|Any CPU
		{9A5E7F0B-89A7-4083-9BB0-0947D6E31512}.Debug|iPhone.Build.0 = Debug|Any CPU
		{9A5E7F0B-89A7-4083-9BB0-0947D6E31512}.Debug|iPhoneSimulator.ActiveCfg = Debug|Any CPU
		{9A5E7F0B-89A7-4083-9BB0-0947D6E31512}.Debug|iPhoneSimulator.Build.0 = Debug|Any CPU
		{9A5E7F0B-89A7-4083-9BB0-0947D6E31512}.Debug|x64.ActiveCfg = Debug|Any CPU
		{9A5E7F0B-89A7-4083-9BB0-0947D6E31512}.Debug|x64.Build.0 = Debug|Any CPU
		{9A5E7F0B-89A7-4083-9BB0-0947D6E31512}.Debug|x86.ActiveCfg = Debug|Any CPU
		{9A5E7F0B-89A7-4083-9BB0-0947D6E31512}.Debug|x86.Build.0 = Debug|Any CPU
		{9A5E7F0B-89A7-4083-9BB0-0947D6E31512}.Release|Any CPU.ActiveCfg = Release|Any CPU
		{9A5E7F0B-89A7-4083-9BB0-0947D6E31512}.Release|Any CPU.Build.0 = Release|Any CPU
		{9A5E7F0B-89A7-4083-9BB0-0947D6E31512}.Release|ARM.ActiveCfg = Release|Any CPU
		{9A5E7F0B-89A7-4083-9BB0-0947D6E31512}.Release|ARM.Build.0 = Release|Any CPU
		{9A5E7F0B-89A7-4083-9BB0-0947D6E31512}.Release|iPhone.ActiveCfg = Release|Any CPU
		{9A5E7F0B-89A7-4083-9BB0-0947D6E31512}.Release|iPhone.Build.0 = Release|Any CPU
		{9A5E7F0B-89A7-4083-9BB0-0947D6E31512}.Release|iPhoneSimulator.ActiveCfg = Release|Any CPU
		{9A5E7F0B-89A7-4083-9BB0-0947D6E31512}.Release|iPhoneSimulator.Build.0 = Release|Any CPU
		{9A5E7F0B-89A7-4083-9BB0-0947D6E31512}.Release|x64.ActiveCfg = Release|Any CPU
		{9A5E7F0B-89A7-4083-9BB0-0947D6E31512}.Release|x64.Build.0 = Release|Any CPU
		{9A5E7F0B-89A7-4083-9BB0-0947D6E31512}.Release|x86.ActiveCfg = Release|Any CPU
		{9A5E7F0B-89A7-4083-9BB0-0947D6E31512}.Release|x86.Build.0 = Release|Any CPU
	EndGlobalSection
	GlobalSection(SolutionProperties) = preSolution
		HideSolutionNode = FALSE
	EndGlobalSection
	GlobalSection(NestedProjects) = preSolution
		{77BAD4D7-CA27-4F36-B246-BA4FA38014C0} = {CCE1CC3E-7496-482B-A9DD-D634897BE476}
		{4F5380E3-5DD3-4E93-BB5F-6942E4537A02} = {CCE1CC3E-7496-482B-A9DD-D634897BE476}
		{72393353-363B-488D-AE2B-D6446B31B2B7} = {CCE1CC3E-7496-482B-A9DD-D634897BE476}
		{27D87651-81C6-496C-8A57-936EE3745AFD} = {CCE1CC3E-7496-482B-A9DD-D634897BE476}
		{BE41694C-4675-46DD-AE8A-CE636F9194C2} = {0D716380-E7D9-420C-98B9-51C60AB0120B}
		{89565F92-E3A7-4566-8E67-A50CA01F4903} = {E6AC3118-7A5A-4534-A862-2B773E8B41ED}
		{A32F8DC9-D9AF-452F-9D22-EFB39DAA2D1F} = {0D716380-E7D9-420C-98B9-51C60AB0120B}
		{9A5E7F0B-89A7-4083-9BB0-0947D6E31512} = {E6AC3118-7A5A-4534-A862-2B773E8B41ED}
	EndGlobalSection
	GlobalSection(ExtensibilityGlobals) = postSolution
		SolutionGuid = {83F00A51-D2E1-43A9-8CAB-DED0C94DAC02}
	EndGlobalSection
EndGlobal
